
Microsoft Visual Studio Solution File, Format Version 12.00
# Visual Studio Version 17
VisualStudioVersion = 17.14.36202.13
MinimumVisualStudioVersion = 10.0.40219.1
Project("{FAE04EC0-301F-11D3-BF4B-00C04F79EFBC}") = "SmartEdu.Api", "SmartEdu.Api\SmartEdu.Api.csproj", "{83D99ACC-001F-4D3E-AFF6-EC0DF1AADDC8}"
EndProject
Project("{FAE04EC0-301F-11D3-BF4B-00C04F79EFBC}") = "SmartEdu.Api.Tests.Unit", "SmartEdu.Api.Tests.Unit\SmartEdu.Api.Tests.Unit.csproj", "{EDEF1D3E-E9AB-4F5C-830D-9C3BC9AB7656}"
EndProject
Global
	GlobalSection(SolutionConfigurationPlatforms) = preSolution
		Debug|Any CPU = Debug|Any CPU
		Release|Any CPU = Release|Any CPU
	EndGlobalSection
	GlobalSection(ProjectConfigurationPlatforms) = postSolution
		{83D99ACC-001F-4D3E-AFF6-EC0DF1AADDC8}.Debug|Any CPU.ActiveCfg = Debug|Any CPU
		{83D99ACC-001F-4D3E-AFF6-EC0DF1AADDC8}.Debug|Any CPU.Build.0 = Debug|Any CPU
		{83D99ACC-001F-4D3E-AFF6-EC0DF1AADDC8}.Release|Any CPU.ActiveCfg = Release|Any CPU
		{83D99ACC-001F-4D3E-AFF6-EC0DF1AADDC8}.Release|Any CPU.Build.0 = Release|Any CPU
		{EDEF1D3E-E9AB-4F5C-830D-9C3BC9AB7656}.Debug|Any CPU.ActiveCfg = Debug|Any CPU
		{EDEF1D3E-E9AB-4F5C-830D-9C3BC9AB7656}.Debug|Any CPU.Build.0 = Debug|Any CPU
		{EDEF1D3E-E9AB-4F5C-830D-9C3BC9AB7656}.Release|Any CPU.ActiveCfg = Release|Any CPU
		{EDEF1D3E-E9AB-4F5C-830D-9C3BC9AB7656}.Release|Any CPU.Build.0 = Release|Any CPU
	EndGlobalSection
	GlobalSection(SolutionProperties) = preSolution
		HideSolutionNode = FALSE
	EndGlobalSection
	GlobalSection(ExtensibilityGlobals) = postSolution
		SolutionGuid = {19FFEED4-EA85-44C2-A52B-29897F2B717D}
	EndGlobalSection
EndGlobal
